
Microsoft Visual Studio Solution File, Format Version 12.00
# Visual Studio Version 16
VisualStudioVersion = 16.0.29911.84
MinimumVisualStudioVersion = 15.0.26124.0
Project("{9A19103F-16F7-4668-BE54-9A1E7A4F7556}") = "parking_enforcement_service", "src\parking_enforcement_service.csproj", "{F17C3DF9-864F-4D72-82F3-08AB1C0DC7E9}"
EndProject
Project("{FAE04EC0-301F-11D3-BF4B-00C04F79EFBC}") = "parking_enforcement_service_tests", "tests\parking_enforcement_service_tests.csproj", "{B62E5722-9CFD-4433-910A-2D0AF3574448}"
EndProject
Global
	GlobalSection(SolutionConfigurationPlatforms) = preSolution
		Debug|Any CPU = Debug|Any CPU
		Debug|x64 = Debug|x64
		Debug|x86 = Debug|x86
		Release|Any CPU = Release|Any CPU
		Release|x64 = Release|x64
		Release|x86 = Release|x86
	EndGlobalSection
	GlobalSection(ProjectConfigurationPlatforms) = postSolution
		{F17C3DF9-864F-4D72-82F3-08AB1C0DC7E9}.Debug|Any CPU.ActiveCfg = Debug|Any CPU
		{F17C3DF9-864F-4D72-82F3-08AB1C0DC7E9}.Debug|Any CPU.Build.0 = Debug|Any CPU
		{F17C3DF9-864F-4D72-82F3-08AB1C0DC7E9}.Debug|x64.ActiveCfg = Debug|Any CPU
		{F17C3DF9-864F-4D72-82F3-08AB1C0DC7E9}.Debug|x64.Build.0 = Debug|Any CPU
		{F17C3DF9-864F-4D72-82F3-08AB1C0DC7E9}.Debug|x86.ActiveCfg = Debug|Any CPU
		{F17C3DF9-864F-4D72-82F3-08AB1C0DC7E9}.Debug|x86.Build.0 = Debug|Any CPU
		{F17C3DF9-864F-4D72-82F3-08AB1C0DC7E9}.Release|Any CPU.ActiveCfg = Release|Any CPU
		{F17C3DF9-864F-4D72-82F3-08AB1C0DC7E9}.Release|Any CPU.Build.0 = Release|Any CPU
		{F17C3DF9-864F-4D72-82F3-08AB1C0DC7E9}.Release|x64.ActiveCfg = Release|Any CPU
		{F17C3DF9-864F-4D72-82F3-08AB1C0DC7E9}.Release|x64.Build.0 = Release|Any CPU
		{F17C3DF9-864F-4D72-82F3-08AB1C0DC7E9}.Release|x86.ActiveCfg = Release|Any CPU
		{F17C3DF9-864F-4D72-82F3-08AB1C0DC7E9}.Release|x86.Build.0 = Release|Any CPU
		{DCBA649A-1563-4C61-899D-F286CE6E6C6C}.Debug|Any CPU.ActiveCfg = Debug|Any CPU
		{DCBA649A-1563-4C61-899D-F286CE6E6C6C}.Debug|Any CPU.Build.0 = Debug|Any CPU
		{DCBA649A-1563-4C61-899D-F286CE6E6C6C}.Debug|x64.ActiveCfg = Debug|Any CPU
		{DCBA649A-1563-4C61-899D-F286CE6E6C6C}.Debug|x64.Build.0 = Debug|Any CPU
		{DCBA649A-1563-4C61-899D-F286CE6E6C6C}.Debug|x86.ActiveCfg = Debug|Any CPU
		{DCBA649A-1563-4C61-899D-F286CE6E6C6C}.Debug|x86.Build.0 = Debug|Any CPU
		{DCBA649A-1563-4C61-899D-F286CE6E6C6C}.Release|Any CPU.ActiveCfg = Release|Any CPU
		{DCBA649A-1563-4C61-899D-F286CE6E6C6C}.Release|Any CPU.Build.0 = Release|Any CPU
		{DCBA649A-1563-4C61-899D-F286CE6E6C6C}.Release|x64.ActiveCfg = Release|Any CPU
		{DCBA649A-1563-4C61-899D-F286CE6E6C6C}.Release|x64.Build.0 = Release|Any CPU
		{DCBA649A-1563-4C61-899D-F286CE6E6C6C}.Release|x86.ActiveCfg = Release|Any CPU
		{DCBA649A-1563-4C61-899D-F286CE6E6C6C}.Release|x86.Build.0 = Release|Any CPU
		{B62E5722-9CFD-4433-910A-2D0AF3574448}.Debug|Any CPU.ActiveCfg = Debug|Any CPU
		{B62E5722-9CFD-4433-910A-2D0AF3574448}.Debug|Any CPU.Build.0 = Debug|Any CPU
		{B62E5722-9CFD-4433-910A-2D0AF3574448}.Debug|x64.ActiveCfg = Debug|Any CPU
		{B62E5722-9CFD-4433-910A-2D0AF3574448}.Debug|x64.Build.0 = Debug|Any CPU
		{B62E5722-9CFD-4433-910A-2D0AF3574448}.Debug|x86.ActiveCfg = Debug|Any CPU
		{B62E5722-9CFD-4433-910A-2D0AF3574448}.Debug|x86.Build.0 = Debug|Any CPU
		{B62E5722-9CFD-4433-910A-2D0AF3574448}.Release|Any CPU.ActiveCfg = Release|Any CPU
		{B62E5722-9CFD-4433-910A-2D0AF3574448}.Release|Any CPU.Build.0 = Release|Any CPU
		{B62E5722-9CFD-4433-910A-2D0AF3574448}.Release|x64.ActiveCfg = Release|Any CPU
		{B62E5722-9CFD-4433-910A-2D0AF3574448}.Release|x64.Build.0 = Release|Any CPU
		{B62E5722-9CFD-4433-910A-2D0AF3574448}.Release|x86.ActiveCfg = Release|Any CPU
		{B62E5722-9CFD-4433-910A-2D0AF3574448}.Release|x86.Build.0 = Release|Any CPU
	EndGlobalSection
	GlobalSection(SolutionProperties) = preSolution
		HideSolutionNode = FALSE
	EndGlobalSection
	GlobalSection(ExtensibilityGlobals) = postSolution
		SolutionGuid = {E786AC8D-D5CE-4632-9675-6404AA196FCD}
	EndGlobalSection
EndGlobal
